{
  "name": "relations",
  "version": "1.0.0",
  "lockfileVersion": 1,
  "requires": true,
  "dependencies": {
    "@prisma/client": {
      "version": "3.9.0-dev.15",
      "resolved": "https://registry.npmjs.org/@prisma/client/-/client-3.9.0-dev.15.tgz",
      "integrity": "sha512-wYH9K4Qny7b6Dyd/Yf/9PKzdLIcl9S4sC8dPyr53ysxfMHcOFZHPY1Vu8fBs9nHA0cmH3nb0LMxDdnZvh8s9uQ==",
      "requires": {
        "@prisma/engines-version": "3.9.0-7.7a48cf2c1aea8ec23e6dff2500845f31bdf2c468"
      }
    },
    "@prisma/engines": {
      "version": "3.9.0-7.7a48cf2c1aea8ec23e6dff2500845f31bdf2c468",
      "resolved": "https://registry.npmjs.org/@prisma/engines/-/engines-3.9.0-7.7a48cf2c1aea8ec23e6dff2500845f31bdf2c468.tgz",
      "integrity": "sha512-TUPePr3wpgSqw5A5bdo1I/+DgHUyYZx2IOKbckiMTp9Ar43GU782IVosDXTAiHGI83yqPYFk4Kl4KF4uoNm52Q=="
    },
    "@prisma/engines-version": {
      "version": "3.9.0-7.7a48cf2c1aea8ec23e6dff2500845f31bdf2c468",
      "resolved": "https://registry.npmjs.org/@prisma/engines-version/-/engines-version-3.9.0-7.7a48cf2c1aea8ec23e6dff2500845f31bdf2c468.tgz",
      "integrity": "sha512-0LPlGC/dB/tvs+ur++9hU2IPss7qfnA6LsZ2LzLC2iqCTTB0jLM/UwDd6rYuUhX65+MvAw1zwfaIuQo94Z70Dg=="
    },
    "@types/node": {
      "version": "17.0.8",
      "resolved": "https://registry.npmjs.org/@types/node/-/node-17.0.8.tgz",
      "integrity": "sha512-YofkM6fGv4gDJq78g4j0mMuGMkZVxZDgtU0JRdx6FgiJDG+0fY0GKVolOV8WqVmEhLCXkQRjwDdKyPxJp/uucg==",
      "dev": true
    },
    "prisma": {
      "version": "3.9.0-dev.15",
      "resolved": "https://registry.npmjs.org/prisma/-/prisma-3.9.0-dev.15.tgz",
      "integrity": "sha512-Gfxi5qfw7yjlT44xLHHpJ5LDQhdXADRJrM8eXmcS+nN90rpaCnXf1w3i6QAd3KZnTuNh/E2EjAJsX7rto8Expg==",
      "requires": {
        "@prisma/engines": "3.9.0-7.7a48cf2c1aea8ec23e6dff2500845f31bdf2c468"
      }
    },
    "typescript": {
      "version": "4.5.4",
      "resolved": "https://registry.npmjs.org/typescript/-/typescript-4.5.4.tgz",
      "integrity": "sha512-VgYs2A2QIRuGphtzFV7aQJduJ2gyfTljngLzjpfW9FoYZF6xuw1W0vW9ghCKLfcWrCFxK81CSGRAvS1pn4fIUg==",
      "dev": true
    }
  }
}
